
Microsoft Visual Studio Solution File, Format Version 10.00
# Visual Studio 2008
Project("{FAE04EC0-301F-11D3-BF4B-00C04F79EFBC}") = "EntityFX.NetBenchmarks.Mobile.Core", "EntityFX.NetBenchmarks.Mobile.Core\EntityFX.NetBenchmarks.Mobile.Core.csproj", "{312B2F2F-484A-469C-9774-D3F2CF243944}"
EndProject
Project("{FAE04EC0-301F-11D3-BF4B-00C04F79EFBC}") = "EntityFX.NetBenchmarks.Mobile", "EntityFX.NetBenchmarks.Mobile\EntityFX.NetBenchmarks.Mobile.csproj", "{5C4AAFB7-E593-411F-8E79-88AF4C6C837A}"
EndProject
Global
	GlobalSection(SolutionConfigurationPlatforms) = preSolution
		Debug|Any CPU = Debug|Any CPU
		Release|Any CPU = Release|Any CPU
	EndGlobalSection
	GlobalSection(ProjectConfigurationPlatforms) = postSolution
		{312B2F2F-484A-469C-9774-D3F2CF243944}.Debug|Any CPU.ActiveCfg = Debug|Any CPU
		{312B2F2F-484A-469C-9774-D3F2CF243944}.Debug|Any CPU.Build.0 = Debug|Any CPU
		{312B2F2F-484A-469C-9774-D3F2CF243944}.Release|Any CPU.ActiveCfg = Release|Any CPU
		{312B2F2F-484A-469C-9774-D3F2CF243944}.Release|Any CPU.Build.0 = Release|Any CPU
		{5C4AAFB7-E593-411F-8E79-88AF4C6C837A}.Debug|Any CPU.ActiveCfg = Debug|Any CPU
		{5C4AAFB7-E593-411F-8E79-88AF4C6C837A}.Debug|Any CPU.Build.0 = Debug|Any CPU
		{5C4AAFB7-E593-411F-8E79-88AF4C6C837A}.Debug|Any CPU.Deploy.0 = Debug|Any CPU
		{5C4AAFB7-E593-411F-8E79-88AF4C6C837A}.Release|Any CPU.ActiveCfg = Release|Any CPU
		{5C4AAFB7-E593-411F-8E79-88AF4C6C837A}.Release|Any CPU.Build.0 = Release|Any CPU
		{5C4AAFB7-E593-411F-8E79-88AF4C6C837A}.Release|Any CPU.Deploy.0 = Release|Any CPU
	EndGlobalSection
	GlobalSection(SolutionProperties) = preSolution
		HideSolutionNode = FALSE
	EndGlobalSection
EndGlobal
