Microsoft Visual Studio Solution File, Format Version 12.00
# Visual Studio Version 16
VisualStudioVersion = 16.0.29806.167
MinimumVisualStudioVersion = 10.0.40219.1
Project("{9A19103F-16F7-4668-BE54-9A1E7A4F7556}") = "EntityFX.NetBenchmark", "EntityFX.NetBenchmark\EntityFX.NetBenchmark.csproj", "{0D90EDBC-03FB-4C4C-99B7-985A520DB837}"
EndProject
Project("{FAE04EC0-301F-11D3-BF4B-00C04F79EFBC}") = "EntityFX.NetBenchmark.Core", "EntityFX.NetBenchamarks.Core\EntityFX.NetBenchmark.Core.csproj", "{6DBEB233-7E30-4C75-A95D-D69373C073B5}"
EndProject
Global
	GlobalSection(SolutionConfigurationPlatforms) = preSolution
		Debug|Any CPU = Debug|Any CPU
		Debug|x86 = Debug|x86
		Release|Any CPU = Release|Any CPU
		Release|x86 = Release|x86
	EndGlobalSection
	GlobalSection(ProjectConfigurationPlatforms) = postSolution
		{0D90EDBC-03FB-4C4C-99B7-985A520DB837}.Debug|Any CPU.ActiveCfg = Debug|Any CPU
		{0D90EDBC-03FB-4C4C-99B7-985A520DB837}.Debug|Any CPU.Build.0 = Debug|Any CPU
		{0D90EDBC-03FB-4C4C-99B7-985A520DB837}.Debug|x86.ActiveCfg = Debug|Any CPU
		{0D90EDBC-03FB-4C4C-99B7-985A520DB837}.Debug|x86.Build.0 = Debug|Any CPU
		{0D90EDBC-03FB-4C4C-99B7-985A520DB837}.Release|Any CPU.ActiveCfg = Release|Any CPU
		{0D90EDBC-03FB-4C4C-99B7-985A520DB837}.Release|Any CPU.Build.0 = Release|Any CPU
		{0D90EDBC-03FB-4C4C-99B7-985A520DB837}.Release|x86.ActiveCfg = Release|Any CPU
		{0D90EDBC-03FB-4C4C-99B7-985A520DB837}.Release|x86.Build.0 = Release|Any CPU
		{6DBEB233-7E30-4C75-A95D-D69373C073B5}.Debug|Any CPU.ActiveCfg = Debug|Any CPU
		{6DBEB233-7E30-4C75-A95D-D69373C073B5}.Debug|Any CPU.Build.0 = Debug|Any CPU
		{6DBEB233-7E30-4C75-A95D-D69373C073B5}.Debug|x86.ActiveCfg = Debug|Any CPU
		{6DBEB233-7E30-4C75-A95D-D69373C073B5}.Debug|x86.Build.0 = Debug|Any CPU
		{6DBEB233-7E30-4C75-A95D-D69373C073B5}.Release|Any CPU.ActiveCfg = Release|Any CPU
		{6DBEB233-7E30-4C75-A95D-D69373C073B5}.Release|Any CPU.Build.0 = Release|Any CPU
		{6DBEB233-7E30-4C75-A95D-D69373C073B5}.Release|x86.ActiveCfg = Release|Any CPU
		{6DBEB233-7E30-4C75-A95D-D69373C073B5}.Release|x86.Build.0 = Release|Any CPU
	EndGlobalSection
	GlobalSection(SolutionProperties) = preSolution
		HideSolutionNode = FALSE
	EndGlobalSection
	GlobalSection(ExtensibilityGlobals) = postSolution
		SolutionGuid = {E2C86513-C957-4C24-9817-600013A6DDA6}
	EndGlobalSection
EndGlobal
